
Microsoft Visual Studio Solution File, Format Version 12.00
# Visual Studio 15
VisualStudioVersion = 15.0.27428.2015
MinimumVisualStudioVersion = 10.0.40219.1
Project("{FAE04EC0-301F-11D3-BF4B-00C04F79EFBC}") = "WebShop2", "WebShop2\WebShop2.csproj", "{EA4A0BEA-042B-4550-9DAA-46A14180B714}"
EndProject
Project("{FAE04EC0-301F-11D3-BF4B-00C04F79EFBC}") = "WebShop2Tests", "WebShop2Tests\WebShop2Tests.csproj", "{EBD456A5-0B64-400A-A157-960BE55A4FF5}"
EndProject
Global
	GlobalSection(SolutionConfigurationPlatforms) = preSolution
		Debug|Any CPU = Debug|Any CPU
		Release|Any CPU = Release|Any CPU
	EndGlobalSection
	GlobalSection(ProjectConfigurationPlatforms) = postSolution
		{EA4A0BEA-042B-4550-9DAA-46A14180B714}.Debug|Any CPU.ActiveCfg = Debug|Any CPU
		{EA4A0BEA-042B-4550-9DAA-46A14180B714}.Debug|Any CPU.Build.0 = Debug|Any CPU
		{EA4A0BEA-042B-4550-9DAA-46A14180B714}.Release|Any CPU.ActiveCfg = Release|Any CPU
		{EA4A0BEA-042B-4550-9DAA-46A14180B714}.Release|Any CPU.Build.0 = Release|Any CPU
		{EBD456A5-0B64-400A-A157-960BE55A4FF5}.Debug|Any CPU.ActiveCfg = Debug|Any CPU
		{EBD456A5-0B64-400A-A157-960BE55A4FF5}.Debug|Any CPU.Build.0 = Debug|Any CPU
		{EBD456A5-0B64-400A-A157-960BE55A4FF5}.Release|Any CPU.ActiveCfg = Release|Any CPU
		{EBD456A5-0B64-400A-A157-960BE55A4FF5}.Release|Any CPU.Build.0 = Release|Any CPU
	EndGlobalSection
	GlobalSection(SolutionProperties) = preSolution
		HideSolutionNode = FALSE
	EndGlobalSection
	GlobalSection(ExtensibilityGlobals) = postSolution
		SolutionGuid = {3AF4B805-91C6-43CF-9A23-CD0D545778BB}
	EndGlobalSection
EndGlobal
